
Microsoft Visual Studio Solution File, Format Version 12.00
# Visual Studio Version 17
VisualStudioVersion = 17.1.32104.313
MinimumVisualStudioVersion = 10.0.40219.1
Project("{FAE04EC0-301F-11D3-BF4B-00C04F79EFBC}") = "GPT", "GPT.csproj", "{BFEDF08E-7356-443F-9A11-96ED36E5EC01}"
EndProject
Global
	GlobalSection(SolutionConfigurationPlatforms) = preSolution
		Debug|Any CPU = Debug|Any CPU
		Release|Any CPU = Release|Any CPU
	EndGlobalSection
	GlobalSection(ProjectConfigurationPlatforms) = postSolution
		{BFEDF08E-7356-443F-9A11-96ED36E5EC01}.Debug|Any CPU.ActiveCfg = Debug|Any CPU
		{BFEDF08E-7356-443F-9A11-96ED36E5EC01}.Debug|Any CPU.Build.0 = Debug|Any CPU
		{BFEDF08E-7356-443F-9A11-96ED36E5EC01}.Release|Any CPU.ActiveCfg = Release|Any CPU
		{BFEDF08E-7356-443F-9A11-96ED36E5EC01}.Release|Any CPU.Build.0 = Release|Any CPU
	EndGlobalSection
	GlobalSection(SolutionProperties) = preSolution
		HideSolutionNode = FALSE
	EndGlobalSection
	GlobalSection(ExtensibilityGlobals) = postSolution
		SolutionGuid = {88FF11A2-4ED1-4B03-A10E-50EE9AFF9AA1}
	EndGlobalSection
EndGlobal
